
Microsoft Visual Studio Solution File, Format Version 12.00
# Visual Studio Version 16
VisualStudioVersion = 25.0.1706.12
MinimumVisualStudioVersion = 10.0.40219.1
Project("{FAE04EC0-301F-11D3-BF4B-00C04F79EFBC}") = "GetHashCodeAndEqual", "GetHashCodeAndEqual\GetHashCodeAndEqual.csproj", "{DD02447D-1AA7-4093-8033-1C732EC7E880}"
EndProject
Global
	GlobalSection(SolutionConfigurationPlatforms) = preSolution
		Debug|Any CPU = Debug|Any CPU
		Release|Any CPU = Release|Any CPU
	EndGlobalSection
	GlobalSection(ProjectConfigurationPlatforms) = postSolution
		{DD02447D-1AA7-4093-8033-1C732EC7E880}.Debug|Any CPU.ActiveCfg = Debug|Any CPU
		{DD02447D-1AA7-4093-8033-1C732EC7E880}.Debug|Any CPU.Build.0 = Debug|Any CPU
		{DD02447D-1AA7-4093-8033-1C732EC7E880}.Release|Any CPU.ActiveCfg = Release|Any CPU
		{DD02447D-1AA7-4093-8033-1C732EC7E880}.Release|Any CPU.Build.0 = Release|Any CPU
	EndGlobalSection
	GlobalSection(SolutionProperties) = preSolution
		HideSolutionNode = FALSE
	EndGlobalSection
	GlobalSection(ExtensibilityGlobals) = postSolution
		SolutionGuid = {57B5EC7D-64E1-4F0C-BEB3-F01849AAC51B}
	EndGlobalSection
EndGlobal
