
Microsoft Visual Studio Solution File, Format Version 12.00
# Visual Studio Version 16
VisualStudioVersion = 25.0.1706.12
MinimumVisualStudioVersion = 10.0.40219.1
Project("{FAE04EC0-301F-11D3-BF4B-00C04F79EFBC}") = "HashStudents", "HashStudents\HashStudents.csproj", "{DC8C7D4B-383A-42A1-8541-11B2FC455463}"
EndProject
Global
	GlobalSection(SolutionConfigurationPlatforms) = preSolution
		Debug|Any CPU = Debug|Any CPU
		Release|Any CPU = Release|Any CPU
	EndGlobalSection
	GlobalSection(ProjectConfigurationPlatforms) = postSolution
		{DC8C7D4B-383A-42A1-8541-11B2FC455463}.Debug|Any CPU.ActiveCfg = Debug|Any CPU
		{DC8C7D4B-383A-42A1-8541-11B2FC455463}.Debug|Any CPU.Build.0 = Debug|Any CPU
		{DC8C7D4B-383A-42A1-8541-11B2FC455463}.Release|Any CPU.ActiveCfg = Release|Any CPU
		{DC8C7D4B-383A-42A1-8541-11B2FC455463}.Release|Any CPU.Build.0 = Release|Any CPU
	EndGlobalSection
	GlobalSection(SolutionProperties) = preSolution
		HideSolutionNode = FALSE
	EndGlobalSection
	GlobalSection(ExtensibilityGlobals) = postSolution
		SolutionGuid = {59C82A2B-35AB-4692-A068-6EAB6ABD0439}
	EndGlobalSection
EndGlobal
