
Microsoft Visual Studio Solution File, Format Version 12.00
# Visual Studio Version 16
VisualStudioVersion = 25.0.1706.12
MinimumVisualStudioVersion = 10.0.40219.1
Project("{FAE04EC0-301F-11D3-BF4B-00C04F79EFBC}") = "UsingReview", "UsingReview\UsingReview.csproj", "{DE91A226-615F-4D0E-913F-2A86B4CC2A95}"
EndProject
Global
	GlobalSection(SolutionConfigurationPlatforms) = preSolution
		Debug|Any CPU = Debug|Any CPU
		Release|Any CPU = Release|Any CPU
	EndGlobalSection
	GlobalSection(ProjectConfigurationPlatforms) = postSolution
		{DE91A226-615F-4D0E-913F-2A86B4CC2A95}.Debug|Any CPU.ActiveCfg = Debug|Any CPU
		{DE91A226-615F-4D0E-913F-2A86B4CC2A95}.Debug|Any CPU.Build.0 = Debug|Any CPU
		{DE91A226-615F-4D0E-913F-2A86B4CC2A95}.Release|Any CPU.ActiveCfg = Release|Any CPU
		{DE91A226-615F-4D0E-913F-2A86B4CC2A95}.Release|Any CPU.Build.0 = Release|Any CPU
	EndGlobalSection
	GlobalSection(SolutionProperties) = preSolution
		HideSolutionNode = FALSE
	EndGlobalSection
	GlobalSection(ExtensibilityGlobals) = postSolution
		SolutionGuid = {47DD8FAC-EA1A-450B-8040-D1BDAB984DCE}
	EndGlobalSection
EndGlobal
