
Microsoft Visual Studio Solution File, Format Version 12.00
# Visual Studio Version 16
VisualStudioVersion = 25.0.1706.12
MinimumVisualStudioVersion = 10.0.40219.1
Project("{FAE04EC0-301F-11D3-BF4B-00C04F79EFBC}") = "ExtensionMethodsReview", "ExtensionMethodsReview\ExtensionMethodsReview.csproj", "{1849AE49-D2E5-418B-94A7-81DB61B139AB}"
EndProject
Global
	GlobalSection(SolutionConfigurationPlatforms) = preSolution
		Debug|Any CPU = Debug|Any CPU
		Release|Any CPU = Release|Any CPU
	EndGlobalSection
	GlobalSection(ProjectConfigurationPlatforms) = postSolution
		{1849AE49-D2E5-418B-94A7-81DB61B139AB}.Debug|Any CPU.ActiveCfg = Debug|Any CPU
		{1849AE49-D2E5-418B-94A7-81DB61B139AB}.Debug|Any CPU.Build.0 = Debug|Any CPU
		{1849AE49-D2E5-418B-94A7-81DB61B139AB}.Release|Any CPU.ActiveCfg = Release|Any CPU
		{1849AE49-D2E5-418B-94A7-81DB61B139AB}.Release|Any CPU.Build.0 = Release|Any CPU
	EndGlobalSection
	GlobalSection(SolutionProperties) = preSolution
		HideSolutionNode = FALSE
	EndGlobalSection
	GlobalSection(ExtensibilityGlobals) = postSolution
		SolutionGuid = {4F576E78-C780-4086-8049-DDCF114B3C08}
	EndGlobalSection
EndGlobal
