
Microsoft Visual Studio Solution File, Format Version 12.00
# Visual Studio Version 16
VisualStudioVersion = 25.0.1706.12
MinimumVisualStudioVersion = 10.0.40219.1
Project("{FAE04EC0-301F-11D3-BF4B-00C04F79EFBC}") = "EnumReview", "EnumReview\EnumReview.csproj", "{964962B9-2059-4E12-9F81-29F714954C56}"
EndProject
Global
	GlobalSection(SolutionConfigurationPlatforms) = preSolution
		Debug|Any CPU = Debug|Any CPU
		Release|Any CPU = Release|Any CPU
	EndGlobalSection
	GlobalSection(ProjectConfigurationPlatforms) = postSolution
		{964962B9-2059-4E12-9F81-29F714954C56}.Debug|Any CPU.ActiveCfg = Debug|Any CPU
		{964962B9-2059-4E12-9F81-29F714954C56}.Debug|Any CPU.Build.0 = Debug|Any CPU
		{964962B9-2059-4E12-9F81-29F714954C56}.Release|Any CPU.ActiveCfg = Release|Any CPU
		{964962B9-2059-4E12-9F81-29F714954C56}.Release|Any CPU.Build.0 = Release|Any CPU
	EndGlobalSection
	GlobalSection(SolutionProperties) = preSolution
		HideSolutionNode = FALSE
	EndGlobalSection
	GlobalSection(ExtensibilityGlobals) = postSolution
		SolutionGuid = {A3019B42-2263-4141-A59D-A4FD2AF4F902}
	EndGlobalSection
EndGlobal
