
Microsoft Visual Studio Solution File, Format Version 12.00
# Visual Studio Version 16
VisualStudioVersion = 25.0.1706.12
MinimumVisualStudioVersion = 10.0.40219.1
Project("{FAE04EC0-301F-11D3-BF4B-00C04F79EFBC}") = "PaymentServiceInterface", "PaymentServiceInterface\PaymentServiceInterface.csproj", "{6D41F7C2-5542-47F2-A77B-8E24EBEE78EF}"
EndProject
Global
	GlobalSection(SolutionConfigurationPlatforms) = preSolution
		Debug|Any CPU = Debug|Any CPU
		Release|Any CPU = Release|Any CPU
	EndGlobalSection
	GlobalSection(ProjectConfigurationPlatforms) = postSolution
		{6D41F7C2-5542-47F2-A77B-8E24EBEE78EF}.Debug|Any CPU.ActiveCfg = Debug|Any CPU
		{6D41F7C2-5542-47F2-A77B-8E24EBEE78EF}.Debug|Any CPU.Build.0 = Debug|Any CPU
		{6D41F7C2-5542-47F2-A77B-8E24EBEE78EF}.Release|Any CPU.ActiveCfg = Release|Any CPU
		{6D41F7C2-5542-47F2-A77B-8E24EBEE78EF}.Release|Any CPU.Build.0 = Release|Any CPU
	EndGlobalSection
	GlobalSection(SolutionProperties) = preSolution
		HideSolutionNode = FALSE
	EndGlobalSection
	GlobalSection(ExtensibilityGlobals) = postSolution
		SolutionGuid = {461DD742-28D3-4B09-9229-927CA765BFFA}
	EndGlobalSection
EndGlobal
