
Microsoft Visual Studio Solution File, Format Version 12.00
# Visual Studio Version 16
VisualStudioVersion = 25.0.1706.12
MinimumVisualStudioVersion = 10.0.40219.1
Project("{FAE04EC0-301F-11D3-BF4B-00C04F79EFBC}") = "DelegatesReview", "DelegatesReview\DelegatesReview.csproj", "{FADA99B9-E3A6-4D07-839B-5A9640CB4E1B}"
EndProject
Global
	GlobalSection(SolutionConfigurationPlatforms) = preSolution
		Debug|Any CPU = Debug|Any CPU
		Release|Any CPU = Release|Any CPU
	EndGlobalSection
	GlobalSection(ProjectConfigurationPlatforms) = postSolution
		{FADA99B9-E3A6-4D07-839B-5A9640CB4E1B}.Debug|Any CPU.ActiveCfg = Debug|Any CPU
		{FADA99B9-E3A6-4D07-839B-5A9640CB4E1B}.Debug|Any CPU.Build.0 = Debug|Any CPU
		{FADA99B9-E3A6-4D07-839B-5A9640CB4E1B}.Release|Any CPU.ActiveCfg = Release|Any CPU
		{FADA99B9-E3A6-4D07-839B-5A9640CB4E1B}.Release|Any CPU.Build.0 = Release|Any CPU
	EndGlobalSection
	GlobalSection(SolutionProperties) = preSolution
		HideSolutionNode = FALSE
	EndGlobalSection
	GlobalSection(ExtensibilityGlobals) = postSolution
		SolutionGuid = {44D738FC-DE54-42C5-9B57-DBCBED94F26F}
	EndGlobalSection
EndGlobal
