
Microsoft Visual Studio Solution File, Format Version 12.00
# Visual Studio Version 16
VisualStudioVersion = 25.0.1706.12
MinimumVisualStudioVersion = 10.0.40219.1
Project("{FAE04EC0-301F-11D3-BF4B-00C04F79EFBC}") = "RadiusCircle", "RadiusCircle\RadiusCircle.csproj", "{10ED978A-71BE-4C5B-9A62-6E9606BE3AFD}"
EndProject
Global
	GlobalSection(SolutionConfigurationPlatforms) = preSolution
		Debug|Any CPU = Debug|Any CPU
		Release|Any CPU = Release|Any CPU
	EndGlobalSection
	GlobalSection(ProjectConfigurationPlatforms) = postSolution
		{10ED978A-71BE-4C5B-9A62-6E9606BE3AFD}.Debug|Any CPU.ActiveCfg = Debug|Any CPU
		{10ED978A-71BE-4C5B-9A62-6E9606BE3AFD}.Debug|Any CPU.Build.0 = Debug|Any CPU
		{10ED978A-71BE-4C5B-9A62-6E9606BE3AFD}.Release|Any CPU.ActiveCfg = Release|Any CPU
		{10ED978A-71BE-4C5B-9A62-6E9606BE3AFD}.Release|Any CPU.Build.0 = Release|Any CPU
	EndGlobalSection
	GlobalSection(SolutionProperties) = preSolution
		HideSolutionNode = FALSE
	EndGlobalSection
	GlobalSection(ExtensibilityGlobals) = postSolution
		SolutionGuid = {AB607032-F274-4CCB-8379-11196DEC46AF}
	EndGlobalSection
EndGlobal
