
Microsoft Visual Studio Solution File, Format Version 12.00
# Visual Studio Version 16
VisualStudioVersion = 25.0.1706.12
MinimumVisualStudioVersion = 10.0.40219.1
Project("{FAE04EC0-301F-11D3-BF4B-00C04F79EFBC}") = "staticMembers", "staticMembers\staticMembers.csproj", "{313747B3-A6E5-421D-BE3D-CCF35E83C682}"
EndProject
Project("{2150E333-8FDC-42A3-9474-1A3956D46DE8}") = "Solution Items", "Solution Items", "{55C5AE77-4609-4CF0-AB61-CB4DDF422156}"
	ProjectSection(SolutionItems) = preProject
		.editorconfig = .editorconfig
	EndProjectSection
EndProject
Global
	GlobalSection(SolutionConfigurationPlatforms) = preSolution
		Debug|Any CPU = Debug|Any CPU
		Release|Any CPU = Release|Any CPU
	EndGlobalSection
	GlobalSection(ProjectConfigurationPlatforms) = postSolution
		{313747B3-A6E5-421D-BE3D-CCF35E83C682}.Debug|Any CPU.ActiveCfg = Debug|Any CPU
		{313747B3-A6E5-421D-BE3D-CCF35E83C682}.Debug|Any CPU.Build.0 = Debug|Any CPU
		{313747B3-A6E5-421D-BE3D-CCF35E83C682}.Release|Any CPU.ActiveCfg = Release|Any CPU
		{313747B3-A6E5-421D-BE3D-CCF35E83C682}.Release|Any CPU.Build.0 = Release|Any CPU
	EndGlobalSection
	GlobalSection(SolutionProperties) = preSolution
		HideSolutionNode = FALSE
	EndGlobalSection
	GlobalSection(ExtensibilityGlobals) = postSolution
		SolutionGuid = {A57D3EAF-2531-4123-8E3A-33544B41994B}
	EndGlobalSection
EndGlobal
