
Microsoft Visual Studio Solution File, Format Version 12.00
# Visual Studio Version 16
VisualStudioVersion = 25.0.1706.12
MinimumVisualStudioVersion = 10.0.40219.1
Project("{FAE04EC0-301F-11D3-BF4B-00C04F79EFBC}") = "AvgPrice", "AvgPrice\AvgPrice.csproj", "{1496DB0F-7F24-4D22-8DB5-5B1F3D44067C}"
EndProject
Global
	GlobalSection(SolutionConfigurationPlatforms) = preSolution
		Debug|Any CPU = Debug|Any CPU
		Release|Any CPU = Release|Any CPU
	EndGlobalSection
	GlobalSection(ProjectConfigurationPlatforms) = postSolution
		{1496DB0F-7F24-4D22-8DB5-5B1F3D44067C}.Debug|Any CPU.ActiveCfg = Debug|Any CPU
		{1496DB0F-7F24-4D22-8DB5-5B1F3D44067C}.Debug|Any CPU.Build.0 = Debug|Any CPU
		{1496DB0F-7F24-4D22-8DB5-5B1F3D44067C}.Release|Any CPU.ActiveCfg = Release|Any CPU
		{1496DB0F-7F24-4D22-8DB5-5B1F3D44067C}.Release|Any CPU.Build.0 = Release|Any CPU
	EndGlobalSection
	GlobalSection(SolutionProperties) = preSolution
		HideSolutionNode = FALSE
	EndGlobalSection
	GlobalSection(ExtensibilityGlobals) = postSolution
		SolutionGuid = {68863DA9-281D-46D5-96E5-F34431F0D3A2}
	EndGlobalSection
EndGlobal
