
Microsoft Visual Studio Solution File, Format Version 12.00
# Visual Studio Version 16
VisualStudioVersion = 25.0.1706.12
MinimumVisualStudioVersion = 10.0.40219.1
Project("{FAE04EC0-301F-11D3-BF4B-00C04F79EFBC}") = "CsvLambdaReview", "CsvLambdaReview\CsvLambdaReview.csproj", "{813CE921-8A7F-45A8-B34B-0B054298ED61}"
EndProject
Global
	GlobalSection(SolutionConfigurationPlatforms) = preSolution
		Debug|Any CPU = Debug|Any CPU
		Release|Any CPU = Release|Any CPU
	EndGlobalSection
	GlobalSection(ProjectConfigurationPlatforms) = postSolution
		{813CE921-8A7F-45A8-B34B-0B054298ED61}.Debug|Any CPU.ActiveCfg = Debug|Any CPU
		{813CE921-8A7F-45A8-B34B-0B054298ED61}.Debug|Any CPU.Build.0 = Debug|Any CPU
		{813CE921-8A7F-45A8-B34B-0B054298ED61}.Release|Any CPU.ActiveCfg = Release|Any CPU
		{813CE921-8A7F-45A8-B34B-0B054298ED61}.Release|Any CPU.Build.0 = Release|Any CPU
	EndGlobalSection
	GlobalSection(SolutionProperties) = preSolution
		HideSolutionNode = FALSE
	EndGlobalSection
	GlobalSection(ExtensibilityGlobals) = postSolution
		SolutionGuid = {DF87D23E-9FFC-4768-83FA-9C824DED7C7C}
	EndGlobalSection
EndGlobal
