
Microsoft Visual Studio Solution File, Format Version 12.00
# Visual Studio Version 16
VisualStudioVersion = 25.0.1706.12
MinimumVisualStudioVersion = 10.0.40219.1
Project("{FAE04EC0-301F-11D3-BF4B-00C04F79EFBC}") = "GenericsCalculationService", "GenericsCalculationService\GenericsCalculationService.csproj", "{F5E45F48-4C19-440A-B65D-ED80D3A08FAC}"
EndProject
Global
	GlobalSection(SolutionConfigurationPlatforms) = preSolution
		Debug|Any CPU = Debug|Any CPU
		Release|Any CPU = Release|Any CPU
	EndGlobalSection
	GlobalSection(ProjectConfigurationPlatforms) = postSolution
		{F5E45F48-4C19-440A-B65D-ED80D3A08FAC}.Debug|Any CPU.ActiveCfg = Debug|Any CPU
		{F5E45F48-4C19-440A-B65D-ED80D3A08FAC}.Debug|Any CPU.Build.0 = Debug|Any CPU
		{F5E45F48-4C19-440A-B65D-ED80D3A08FAC}.Release|Any CPU.ActiveCfg = Release|Any CPU
		{F5E45F48-4C19-440A-B65D-ED80D3A08FAC}.Release|Any CPU.Build.0 = Release|Any CPU
	EndGlobalSection
	GlobalSection(SolutionProperties) = preSolution
		HideSolutionNode = FALSE
	EndGlobalSection
	GlobalSection(ExtensibilityGlobals) = postSolution
		SolutionGuid = {635FE086-65B7-4594-B280-A37239B0AADD}
	EndGlobalSection
EndGlobal
