
Microsoft Visual Studio Solution File, Format Version 12.00
# Visual Studio Version 16
VisualStudioVersion = 25.0.1706.12
MinimumVisualStudioVersion = 10.0.40219.1
Project("{FAE04EC0-301F-11D3-BF4B-00C04F79EFBC}") = "CustomExceptions", "CustomExceptions\CustomExceptions.csproj", "{AF4EA872-357F-4A17-AE23-4F17E990B3BA}"
EndProject
Global
	GlobalSection(SolutionConfigurationPlatforms) = preSolution
		Debug|Any CPU = Debug|Any CPU
		Release|Any CPU = Release|Any CPU
	EndGlobalSection
	GlobalSection(ProjectConfigurationPlatforms) = postSolution
		{AF4EA872-357F-4A17-AE23-4F17E990B3BA}.Debug|Any CPU.ActiveCfg = Debug|Any CPU
		{AF4EA872-357F-4A17-AE23-4F17E990B3BA}.Debug|Any CPU.Build.0 = Debug|Any CPU
		{AF4EA872-357F-4A17-AE23-4F17E990B3BA}.Release|Any CPU.ActiveCfg = Release|Any CPU
		{AF4EA872-357F-4A17-AE23-4F17E990B3BA}.Release|Any CPU.Build.0 = Release|Any CPU
	EndGlobalSection
	GlobalSection(SolutionProperties) = preSolution
		HideSolutionNode = FALSE
	EndGlobalSection
	GlobalSection(ExtensibilityGlobals) = postSolution
		SolutionGuid = {2F567256-F862-41F9-A468-39FB29415DFB}
	EndGlobalSection
EndGlobal
