
Microsoft Visual Studio Solution File, Format Version 12.00
# Visual Studio Version 16
VisualStudioVersion = 25.0.1706.12
MinimumVisualStudioVersion = 10.0.40219.1
Project("{FAE04EC0-301F-11D3-BF4B-00C04F79EFBC}") = "BankBalance", "BankBalance\BankBalance.csproj", "{772AB3E2-0979-4A8C-A98C-354C082B55B7}"
EndProject
Global
	GlobalSection(SolutionConfigurationPlatforms) = preSolution
		Debug|Any CPU = Debug|Any CPU
		Release|Any CPU = Release|Any CPU
	EndGlobalSection
	GlobalSection(ProjectConfigurationPlatforms) = postSolution
		{772AB3E2-0979-4A8C-A98C-354C082B55B7}.Debug|Any CPU.ActiveCfg = Debug|Any CPU
		{772AB3E2-0979-4A8C-A98C-354C082B55B7}.Debug|Any CPU.Build.0 = Debug|Any CPU
		{772AB3E2-0979-4A8C-A98C-354C082B55B7}.Release|Any CPU.ActiveCfg = Release|Any CPU
		{772AB3E2-0979-4A8C-A98C-354C082B55B7}.Release|Any CPU.Build.0 = Release|Any CPU
	EndGlobalSection
	GlobalSection(SolutionProperties) = preSolution
		HideSolutionNode = FALSE
	EndGlobalSection
	GlobalSection(ExtensibilityGlobals) = postSolution
		SolutionGuid = {8BF72CE8-4061-4BCE-B60C-630E98D7DE97}
	EndGlobalSection
EndGlobal
