
Microsoft Visual Studio Solution File, Format Version 12.00
# Visual Studio Version 16
VisualStudioVersion = 25.0.1706.12
MinimumVisualStudioVersion = 10.0.40219.1
Project("{FAE04EC0-301F-11D3-BF4B-00C04F79EFBC}") = "PathReview", "PathReview\PathReview.csproj", "{B5CFE9D0-8EB1-408A-84BE-83732E0EB300}"
EndProject
Global
	GlobalSection(SolutionConfigurationPlatforms) = preSolution
		Debug|Any CPU = Debug|Any CPU
		Release|Any CPU = Release|Any CPU
	EndGlobalSection
	GlobalSection(ProjectConfigurationPlatforms) = postSolution
		{B5CFE9D0-8EB1-408A-84BE-83732E0EB300}.Debug|Any CPU.ActiveCfg = Debug|Any CPU
		{B5CFE9D0-8EB1-408A-84BE-83732E0EB300}.Debug|Any CPU.Build.0 = Debug|Any CPU
		{B5CFE9D0-8EB1-408A-84BE-83732E0EB300}.Release|Any CPU.ActiveCfg = Release|Any CPU
		{B5CFE9D0-8EB1-408A-84BE-83732E0EB300}.Release|Any CPU.Build.0 = Release|Any CPU
	EndGlobalSection
	GlobalSection(SolutionProperties) = preSolution
		HideSolutionNode = FALSE
	EndGlobalSection
	GlobalSection(ExtensibilityGlobals) = postSolution
		SolutionGuid = {92654BF8-B184-45E9-9989-3EDF1B665620}
	EndGlobalSection
EndGlobal
