
Microsoft Visual Studio Solution File, Format Version 12.00
# Visual Studio Version 16
VisualStudioVersion = 25.0.1706.12
MinimumVisualStudioVersion = 10.0.40219.1
Project("{FAE04EC0-301F-11D3-BF4B-00C04F79EFBC}") = "CalculatorCourse", "CalculatorCourse\CalculatorCourse.csproj", "{868D2D5E-DABC-4C76-9E69-C1F0D586951A}"
EndProject
Global
	GlobalSection(SolutionConfigurationPlatforms) = preSolution
		Debug|Any CPU = Debug|Any CPU
		Release|Any CPU = Release|Any CPU
	EndGlobalSection
	GlobalSection(ProjectConfigurationPlatforms) = postSolution
		{868D2D5E-DABC-4C76-9E69-C1F0D586951A}.Debug|Any CPU.ActiveCfg = Debug|Any CPU
		{868D2D5E-DABC-4C76-9E69-C1F0D586951A}.Debug|Any CPU.Build.0 = Debug|Any CPU
		{868D2D5E-DABC-4C76-9E69-C1F0D586951A}.Release|Any CPU.ActiveCfg = Release|Any CPU
		{868D2D5E-DABC-4C76-9E69-C1F0D586951A}.Release|Any CPU.Build.0 = Release|Any CPU
	EndGlobalSection
	GlobalSection(SolutionProperties) = preSolution
		HideSolutionNode = FALSE
	EndGlobalSection
	GlobalSection(ExtensibilityGlobals) = postSolution
		SolutionGuid = {55EA2645-4274-49CB-91AE-1D9091275D28}
	EndGlobalSection
EndGlobal
