
Microsoft Visual Studio Solution File, Format Version 12.00
# Visual Studio Version 16
VisualStudioVersion = 25.0.1706.12
MinimumVisualStudioVersion = 10.0.40219.1
Project("{FAE04EC0-301F-11D3-BF4B-00C04F79EFBC}") = "ValueToPay", "ValueToPay\ValueToPay.csproj", "{0CB02D09-AC55-455E-B5DF-D8FFCC64EA7F}"
EndProject
Global
	GlobalSection(SolutionConfigurationPlatforms) = preSolution
		Debug|Any CPU = Debug|Any CPU
		Release|Any CPU = Release|Any CPU
	EndGlobalSection
	GlobalSection(ProjectConfigurationPlatforms) = postSolution
		{0CB02D09-AC55-455E-B5DF-D8FFCC64EA7F}.Debug|Any CPU.ActiveCfg = Debug|Any CPU
		{0CB02D09-AC55-455E-B5DF-D8FFCC64EA7F}.Debug|Any CPU.Build.0 = Debug|Any CPU
		{0CB02D09-AC55-455E-B5DF-D8FFCC64EA7F}.Release|Any CPU.ActiveCfg = Release|Any CPU
		{0CB02D09-AC55-455E-B5DF-D8FFCC64EA7F}.Release|Any CPU.Build.0 = Release|Any CPU
	EndGlobalSection
	GlobalSection(SolutionProperties) = preSolution
		HideSolutionNode = FALSE
	EndGlobalSection
	GlobalSection(ExtensibilityGlobals) = postSolution
		SolutionGuid = {1DD18BB3-072F-4178-9FDA-8D6C63AC36E1}
	EndGlobalSection
EndGlobal
