
Microsoft Visual Studio Solution File, Format Version 12.00
# Visual Studio Version 16
VisualStudioVersion = 25.0.1706.12
MinimumVisualStudioVersion = 10.0.40219.1
Project("{FAE04EC0-301F-11D3-BF4B-00C04F79EFBC}") = "SaleItems", "SaleItems\SaleItems.csproj", "{3F048068-0CA1-462F-B500-73E07A76DC68}"
EndProject
Global
	GlobalSection(SolutionConfigurationPlatforms) = preSolution
		Debug|Any CPU = Debug|Any CPU
		Release|Any CPU = Release|Any CPU
	EndGlobalSection
	GlobalSection(ProjectConfigurationPlatforms) = postSolution
		{3F048068-0CA1-462F-B500-73E07A76DC68}.Debug|Any CPU.ActiveCfg = Debug|Any CPU
		{3F048068-0CA1-462F-B500-73E07A76DC68}.Debug|Any CPU.Build.0 = Debug|Any CPU
		{3F048068-0CA1-462F-B500-73E07A76DC68}.Release|Any CPU.ActiveCfg = Release|Any CPU
		{3F048068-0CA1-462F-B500-73E07A76DC68}.Release|Any CPU.Build.0 = Release|Any CPU
	EndGlobalSection
	GlobalSection(SolutionProperties) = preSolution
		HideSolutionNode = FALSE
	EndGlobalSection
	GlobalSection(ExtensibilityGlobals) = postSolution
		SolutionGuid = {A1FACC8A-63E0-4029-97B0-E1357B58E9B3}
	EndGlobalSection
EndGlobal
