
Microsoft Visual Studio Solution File, Format Version 12.00
# Visual Studio Version 16
VisualStudioVersion = 25.0.1706.12
MinimumVisualStudioVersion = 10.0.40219.1
Project("{FAE04EC0-301F-11D3-BF4B-00C04F79EFBC}") = "LinqSimilarToSql", "LinqSimilarToSql\LinqSimilarToSql.csproj", "{84480159-ABD0-4BD3-81D7-5D8EE9B8DC67}"
EndProject
Global
	GlobalSection(SolutionConfigurationPlatforms) = preSolution
		Debug|Any CPU = Debug|Any CPU
		Release|Any CPU = Release|Any CPU
	EndGlobalSection
	GlobalSection(ProjectConfigurationPlatforms) = postSolution
		{84480159-ABD0-4BD3-81D7-5D8EE9B8DC67}.Debug|Any CPU.ActiveCfg = Debug|Any CPU
		{84480159-ABD0-4BD3-81D7-5D8EE9B8DC67}.Debug|Any CPU.Build.0 = Debug|Any CPU
		{84480159-ABD0-4BD3-81D7-5D8EE9B8DC67}.Release|Any CPU.ActiveCfg = Release|Any CPU
		{84480159-ABD0-4BD3-81D7-5D8EE9B8DC67}.Release|Any CPU.Build.0 = Release|Any CPU
	EndGlobalSection
	GlobalSection(SolutionProperties) = preSolution
		HideSolutionNode = FALSE
	EndGlobalSection
	GlobalSection(ExtensibilityGlobals) = postSolution
		SolutionGuid = {B23D9251-631C-493E-9AE0-02FE01D8D46F}
	EndGlobalSection
EndGlobal
