
Microsoft Visual Studio Solution File, Format Version 12.00
# Visual Studio Version 16
VisualStudioVersion = 25.0.1706.12
MinimumVisualStudioVersion = 10.0.40219.1
Project("{FAE04EC0-301F-11D3-BF4B-00C04F79EFBC}") = "Course", "Course\Course.csproj", "{279764FC-B3FD-4021-8F18-FF30CAB53772}"
EndProject
Global
	GlobalSection(SolutionConfigurationPlatforms) = preSolution
		Debug|Any CPU = Debug|Any CPU
		Release|Any CPU = Release|Any CPU
	EndGlobalSection
	GlobalSection(ProjectConfigurationPlatforms) = postSolution
		{279764FC-B3FD-4021-8F18-FF30CAB53772}.Debug|Any CPU.ActiveCfg = Debug|Any CPU
		{279764FC-B3FD-4021-8F18-FF30CAB53772}.Debug|Any CPU.Build.0 = Debug|Any CPU
		{279764FC-B3FD-4021-8F18-FF30CAB53772}.Release|Any CPU.ActiveCfg = Release|Any CPU
		{279764FC-B3FD-4021-8F18-FF30CAB53772}.Release|Any CPU.Build.0 = Release|Any CPU
	EndGlobalSection
	GlobalSection(SolutionProperties) = preSolution
		HideSolutionNode = FALSE
	EndGlobalSection
	GlobalSection(ExtensibilityGlobals) = postSolution
		SolutionGuid = {9C9F6A24-006D-4020-A38D-83090FAD4A05}
	EndGlobalSection
EndGlobal
